
Microsoft Visual Studio Solution File, Format Version 12.00
# Visual Studio 2013
VisualStudioVersion = 12.0.21005.1
MinimumVisualStudioVersion = 10.0.40219.1
Project("{9092AA53-FB77-4645-B42D-1CCCA6BD08BD}") = "JS-DesignPatterns", "JS-DesignPatterns.njsproj", "{128AB6C9-3B05-481E-9B27-30F198A50478}"
EndProject
Global
	GlobalSection(SolutionConfigurationPlatforms) = preSolution
		Debug|Any CPU = Debug|Any CPU
		Release|Any CPU = Release|Any CPU
	EndGlobalSection
	GlobalSection(ProjectConfigurationPlatforms) = postSolution
		{128AB6C9-3B05-481E-9B27-30F198A50478}.Debug|Any CPU.ActiveCfg = Debug|Any CPU
		{128AB6C9-3B05-481E-9B27-30F198A50478}.Debug|Any CPU.Build.0 = Debug|Any CPU
		{128AB6C9-3B05-481E-9B27-30F198A50478}.Release|Any CPU.ActiveCfg = Release|Any CPU
		{128AB6C9-3B05-481E-9B27-30F198A50478}.Release|Any CPU.Build.0 = Release|Any CPU
	EndGlobalSection
	GlobalSection(SolutionProperties) = preSolution
		HideSolutionNode = FALSE
	EndGlobalSection
EndGlobal
